
Microsoft Visual Studio Solution File, Format Version 12.00
# Visual Studio Version 17
VisualStudioVersion = 17.3.32825.248
MinimumVisualStudioVersion = 10.0.40219.1
Project("{FAE04EC0-301F-11D3-BF4B-00C04F79EFBC}") = "RepositoryPattern_mk", "RepositoryPattern_mk\RepositoryPattern_mk.csproj", "{DEFF1357-B569-42D4-AEB9-084D8B55B34C}"
EndProject
Global
	GlobalSection(SolutionConfigurationPlatforms) = preSolution
		Debug|Any CPU = Debug|Any CPU
		Release|Any CPU = Release|Any CPU
	EndGlobalSection
	GlobalSection(ProjectConfigurationPlatforms) = postSolution
		{DEFF1357-B569-42D4-AEB9-084D8B55B34C}.Debug|Any CPU.ActiveCfg = Debug|Any CPU
		{DEFF1357-B569-42D4-AEB9-084D8B55B34C}.Debug|Any CPU.Build.0 = Debug|Any CPU
		{DEFF1357-B569-42D4-AEB9-084D8B55B34C}.Release|Any CPU.ActiveCfg = Release|Any CPU
		{DEFF1357-B569-42D4-AEB9-084D8B55B34C}.Release|Any CPU.Build.0 = Release|Any CPU
	EndGlobalSection
	GlobalSection(SolutionProperties) = preSolution
		HideSolutionNode = FALSE
	EndGlobalSection
	GlobalSection(ExtensibilityGlobals) = postSolution
		SolutionGuid = {80A46EFE-03A5-4439-B20A-104F189E2685}
	EndGlobalSection
EndGlobal
